// !$*UTF8*$!
{
	archiveVersion = 1;
	classes = {
	};
	objectVersion = 56;
	objects = {

/* Begin PBXBuildFile section */
		D82EFB4B293DF1C9001E28E5 /* HUDEffectView.swift in Sources */ = {isa = PBXBuildFile; fileRef = D82EFB4A293DF1C9001E28E5 /* HUDEffectView.swift */; };
		D82EFB4D293DF2A8001E28E5 /* HUDView.swift in Sources */ = {isa = PBXBuildFile; fileRef = D82EFB4C293DF2A8001E28E5 /* HUDView.swift */; };
		D82FF0FF29406D8000561AD9 /* MenuSection.swift in Sources */ = {isa = PBXBuildFile; fileRef = D82FF0FE29406D8000561AD9 /* MenuSection.swift */; };
		D82FF10129406F1700561AD9 /* FixedSpace.swift in Sources */ = {isa = PBXBuildFile; fileRef = D82FF10029406F1700561AD9 /* FixedSpace.swift */; };
		D82FF10329406F6C00561AD9 /* MenuDivider.swift in Sources */ = {isa = PBXBuildFile; fileRef = D82FF10229406F6C00561AD9 /* MenuDivider.swift */; };
		D82FF105294070FE00561AD9 /* MenuItemToggleStyle.swift in Sources */ = {isa = PBXBuildFile; fileRef = D82FF104294070FE00561AD9 /* MenuItemToggleStyle.swift */; };
		D82FF1072940734500561AD9 /* InputMenuContent.swift in Sources */ = {isa = PBXBuildFile; fileRef = D82FF1062940734500561AD9 /* InputMenuContent.swift */; };
		D846535528F9954100EC0AF3 /* Interact in Frameworks */ = {isa = PBXBuildFile; productRef = D846535428F9954100EC0AF3 /* Interact */; };
		D846535728F99C4F00EC0AF3 /* interact-license in Resources */ = {isa = PBXBuildFile; fileRef = D846535628F99C4F00EC0AF3 /* interact-license */; };
		D846D0F528F21DE40077C425 /* Device.swift in Sources */ = {isa = PBXBuildFile; fileRef = D846D0F428F21DE40077C425 /* Device.swift */; };
		D846D0F728F21E7E0077C425 /* KeyCodes.swift in Sources */ = {isa = PBXBuildFile; fileRef = D846D0F628F21E7E0077C425 /* KeyCodes.swift */; };
		D846D0F928F3764A0077C425 /* InputMenu.swift in Sources */ = {isa = PBXBuildFile; fileRef = D846D0F828F3764A0077C425 /* InputMenu.swift */; };
		D846D0FB28F376BC0077C425 /* EventTap.swift in Sources */ = {isa = PBXBuildFile; fileRef = D846D0FA28F376BC0077C425 /* EventTap.swift */; };
		D846D0FD28F3772F0077C425 /* Color.swift in Sources */ = {isa = PBXBuildFile; fileRef = D846D0FC28F3772F0077C425 /* Color.swift */; };
		D846D0FF28F377670077C425 /* DeviceRow.swift in Sources */ = {isa = PBXBuildFile; fileRef = D846D0FE28F377670077C425 /* DeviceRow.swift */; };
		D846D10228F377C30077C425 /* MenuItemButtonStyle.swift in Sources */ = {isa = PBXBuildFile; fileRef = D846D10128F377C30077C425 /* MenuItemButtonStyle.swift */; };
		D846D10428F37B780077C425 /* DeviceList.swift in Sources */ = {isa = PBXBuildFile; fileRef = D846D10328F37B780077C425 /* DeviceList.swift */; };
		D846D10628F37BA30077C425 /* EnableSwitch.swift in Sources */ = {isa = PBXBuildFile; fileRef = D846D10528F37BA30077C425 /* EnableSwitch.swift */; };
		D84DD23128F45C6F00490F8F /* ApplicationModel.swift in Sources */ = {isa = PBXBuildFile; fileRef = D84DD23028F45C6F00490F8F /* ApplicationModel.swift */; };
		D880DBF728FE38B30078E3C0 /* Set.swift in Sources */ = {isa = PBXBuildFile; fileRef = D880DBF628FE38B30078E3C0 /* Set.swift */; };
		D88556F828EB92B800777B48 /* TinyBoardApp.swift in Sources */ = {isa = PBXBuildFile; fileRef = D88556F728EB92B800777B48 /* TinyBoardApp.swift */; };
		D88556FC28EB92BB00777B48 /* Assets.xcassets in Resources */ = {isa = PBXBuildFile; fileRef = D88556FB28EB92BB00777B48 /* Assets.xcassets */; };
		D88556FF28EB92BB00777B48 /* Preview Assets.xcassets in Resources */ = {isa = PBXBuildFile; fileRef = D88556FE28EB92BB00777B48 /* Preview Assets.xcassets */; };
		D885570A28EB92BC00777B48 /* TinyBoardTests.swift in Sources */ = {isa = PBXBuildFile; fileRef = D885570928EB92BC00777B48 /* TinyBoardTests.swift */; };
		D885571428EB92BC00777B48 /* TinyBoardUITests.swift in Sources */ = {isa = PBXBuildFile; fileRef = D885571328EB92BC00777B48 /* TinyBoardUITests.swift */; };
		D885571628EB92BC00777B48 /* TinyBoardUITestsLaunchTests.swift in Sources */ = {isa = PBXBuildFile; fileRef = D885571528EB92BC00777B48 /* TinyBoardUITestsLaunchTests.swift */; };
		D885572328EBC1C200777B48 /* CBUUIDs.swift in Sources */ = {isa = PBXBuildFile; fileRef = D885572228EBC1C200777B48 /* CBUUIDs.swift */; };
		D885572528EBC1F300777B48 /* DeviceManager.swift in Sources */ = {isa = PBXBuildFile; fileRef = D885572428EBC1F300777B48 /* DeviceManager.swift */; };
		D8947E6A28F0C03200C4888A /* MessageType.swift in Sources */ = {isa = PBXBuildFile; fileRef = D8947E6928F0C03200C4888A /* MessageType.swift */; };
		D8947E6C28F0C47E00C4888A /* SerialConnection.swift in Sources */ = {isa = PBXBuildFile; fileRef = D8947E6B28F0C47E00C4888A /* SerialConnection.swift */; };
		D8C2CD1928F0FA74008D7176 /* Diligence in Frameworks */ = {isa = PBXBuildFile; productRef = D8C2CD1828F0FA74008D7176 /* Diligence */; };
		D8C2CD1C28F0FB61008D7176 /* tinyboard-license in Resources */ = {isa = PBXBuildFile; fileRef = D8C2CD1B28F0FB61008D7176 /* tinyboard-license */; };
/* End PBXBuildFile section */

/* Begin PBXContainerItemProxy section */
		D885570628EB92BC00777B48 /* PBXContainerItemProxy */ = {
			isa = PBXContainerItemProxy;
			containerPortal = D88556EC28EB92B800777B48 /* Project object */;
			proxyType = 1;
			remoteGlobalIDString = D88556F328EB92B800777B48;
			remoteInfo = Keyboard;
		};
		D885571028EB92BC00777B48 /* PBXContainerItemProxy */ = {
			isa = PBXContainerItemProxy;
			containerPortal = D88556EC28EB92B800777B48 /* Project object */;
			proxyType = 1;
			remoteGlobalIDString = D88556F328EB92B800777B48;
			remoteInfo = Keyboard;
		};
/* End PBXContainerItemProxy section */

/* Begin PBXFileReference section */
		D82EFB4A293DF1C9001E28E5 /* HUDEffectView.swift */ = {isa = PBXFileReference; lastKnownFileType = sourcecode.swift; path = HUDEffectView.swift; sourceTree = "<group>"; };
		D82EFB4C293DF2A8001E28E5 /* HUDView.swift */ = {isa = PBXFileReference; lastKnownFileType = sourcecode.swift; path = HUDView.swift; sourceTree = "<group>"; };
		D82FF0FE29406D8000561AD9 /* MenuSection.swift */ = {isa = PBXFileReference; lastKnownFileType = sourcecode.swift; path = MenuSection.swift; sourceTree = "<group>"; };
		D82FF10029406F1700561AD9 /* FixedSpace.swift */ = {isa = PBXFileReference; lastKnownFileType = sourcecode.swift; path = FixedSpace.swift; sourceTree = "<group>"; };
		D82FF10229406F6C00561AD9 /* MenuDivider.swift */ = {isa = PBXFileReference; lastKnownFileType = sourcecode.swift; path = MenuDivider.swift; sourceTree = "<group>"; };
		D82FF104294070FE00561AD9 /* MenuItemToggleStyle.swift */ = {isa = PBXFileReference; lastKnownFileType = sourcecode.swift; path = MenuItemToggleStyle.swift; sourceTree = "<group>"; };
		D82FF1062940734500561AD9 /* InputMenuContent.swift */ = {isa = PBXFileReference; lastKnownFileType = sourcecode.swift; path = InputMenuContent.swift; sourceTree = "<group>"; };
		D846535328F9953400EC0AF3 /* interact */ = {isa = PBXFileReference; lastKnownFileType = wrapper; path = interact; sourceTree = "<group>"; };
		D846535628F99C4F00EC0AF3 /* interact-license */ = {isa = PBXFileReference; lastKnownFileType = text; path = "interact-license"; sourceTree = "<group>"; };
		D846D0F428F21DE40077C425 /* Device.swift */ = {isa = PBXFileReference; lastKnownFileType = sourcecode.swift; path = Device.swift; sourceTree = "<group>"; };
		D846D0F628F21E7E0077C425 /* KeyCodes.swift */ = {isa = PBXFileReference; lastKnownFileType = sourcecode.swift; path = KeyCodes.swift; sourceTree = "<group>"; };
		D846D0F828F3764A0077C425 /* InputMenu.swift */ = {isa = PBXFileReference; lastKnownFileType = sourcecode.swift; path = InputMenu.swift; sourceTree = "<group>"; };
		D846D0FA28F376BC0077C425 /* EventTap.swift */ = {isa = PBXFileReference; lastKnownFileType = sourcecode.swift; path = EventTap.swift; sourceTree = "<group>"; };
		D846D0FC28F3772F0077C425 /* Color.swift */ = {isa = PBXFileReference; lastKnownFileType = sourcecode.swift; path = Color.swift; sourceTree = "<group>"; };
		D846D0FE28F377670077C425 /* DeviceRow.swift */ = {isa = PBXFileReference; lastKnownFileType = sourcecode.swift; path = DeviceRow.swift; sourceTree = "<group>"; };
		D846D10128F377C30077C425 /* MenuItemButtonStyle.swift */ = {isa = PBXFileReference; lastKnownFileType = sourcecode.swift; path = MenuItemButtonStyle.swift; sourceTree = "<group>"; };
		D846D10328F37B780077C425 /* DeviceList.swift */ = {isa = PBXFileReference; lastKnownFileType = sourcecode.swift; path = DeviceList.swift; sourceTree = "<group>"; };
		D846D10528F37BA30077C425 /* EnableSwitch.swift */ = {isa = PBXFileReference; lastKnownFileType = sourcecode.swift; path = EnableSwitch.swift; sourceTree = "<group>"; };
		D84DD23028F45C6F00490F8F /* ApplicationModel.swift */ = {isa = PBXFileReference; lastKnownFileType = sourcecode.swift; path = ApplicationModel.swift; sourceTree = "<group>"; };
		D880DBF628FE38B30078E3C0 /* Set.swift */ = {isa = PBXFileReference; lastKnownFileType = sourcecode.swift; path = Set.swift; sourceTree = "<group>"; };
		D88556F428EB92B800777B48 /* TinyBoard.app */ = {isa = PBXFileReference; explicitFileType = wrapper.application; includeInIndex = 0; path = TinyBoard.app; sourceTree = BUILT_PRODUCTS_DIR; };
		D88556F728EB92B800777B48 /* TinyBoardApp.swift */ = {isa = PBXFileReference; lastKnownFileType = sourcecode.swift; path = TinyBoardApp.swift; sourceTree = "<group>"; };
		D88556FB28EB92BB00777B48 /* Assets.xcassets */ = {isa = PBXFileReference; lastKnownFileType = folder.assetcatalog; path = Assets.xcassets; sourceTree = "<group>"; };
		D88556FE28EB92BB00777B48 /* Preview Assets.xcassets */ = {isa = PBXFileReference; lastKnownFileType = folder.assetcatalog; path = "Preview Assets.xcassets"; sourceTree = "<group>"; };
		D885570028EB92BB00777B48 /* TinyBoard.entitlements */ = {isa = PBXFileReference; lastKnownFileType = text.plist.entitlements; path = TinyBoard.entitlements; sourceTree = "<group>"; };
		D885570528EB92BC00777B48 /* TinyBoardTests.xctest */ = {isa = PBXFileReference; explicitFileType = wrapper.cfbundle; includeInIndex = 0; path = TinyBoardTests.xctest; sourceTree = BUILT_PRODUCTS_DIR; };
		D885570928EB92BC00777B48 /* TinyBoardTests.swift */ = {isa = PBXFileReference; lastKnownFileType = sourcecode.swift; path = TinyBoardTests.swift; sourceTree = "<group>"; };
		D885570F28EB92BC00777B48 /* TinyBoardUITests.xctest */ = {isa = PBXFileReference; explicitFileType = wrapper.cfbundle; includeInIndex = 0; path = TinyBoardUITests.xctest; sourceTree = BUILT_PRODUCTS_DIR; };
		D885571328EB92BC00777B48 /* TinyBoardUITests.swift */ = {isa = PBXFileReference; lastKnownFileType = sourcecode.swift; path = TinyBoardUITests.swift; sourceTree = "<group>"; };
		D885571528EB92BC00777B48 /* TinyBoardUITestsLaunchTests.swift */ = {isa = PBXFileReference; lastKnownFileType = sourcecode.swift; path = TinyBoardUITestsLaunchTests.swift; sourceTree = "<group>"; };
		D885572228EBC1C200777B48 /* CBUUIDs.swift */ = {isa = PBXFileReference; lastKnownFileType = sourcecode.swift; path = CBUUIDs.swift; sourceTree = "<group>"; };
		D885572428EBC1F300777B48 /* DeviceManager.swift */ = {isa = PBXFileReference; lastKnownFileType = sourcecode.swift; path = DeviceManager.swift; sourceTree = "<group>"; };
		D8947E6928F0C03200C4888A /* MessageType.swift */ = {isa = PBXFileReference; lastKnownFileType = sourcecode.swift; path = MessageType.swift; sourceTree = "<group>"; };
		D8947E6B28F0C47E00C4888A /* SerialConnection.swift */ = {isa = PBXFileReference; lastKnownFileType = sourcecode.swift; path = SerialConnection.swift; sourceTree = "<group>"; };
		D89729CB28FCAEE100AB429E /* Info.plist */ = {isa = PBXFileReference; lastKnownFileType = text.plist.xml; path = Info.plist; sourceTree = "<group>"; };
		D8C2CD1628F0FA60008D7176 /* diligence */ = {isa = PBXFileReference; lastKnownFileType = wrapper; path = diligence; sourceTree = "<group>"; };
		D8C2CD1B28F0FB61008D7176 /* tinyboard-license */ = {isa = PBXFileReference; lastKnownFileType = text; path = "tinyboard-license"; sourceTree = "<group>"; };
		D8E14424293FFBB000E9AFC1 /* CGSConnection.h */ = {isa = PBXFileReference; lastKnownFileType = sourcecode.c.h; path = CGSConnection.h; sourceTree = "<group>"; };
		D8E14425293FFC6D00E9AFC1 /* TinyBoard-Bridging-Header.h */ = {isa = PBXFileReference; lastKnownFileType = sourcecode.c.h; path = "TinyBoard-Bridging-Header.h"; sourceTree = "<group>"; };
/* End PBXFileReference section */

/* Begin PBXFrameworksBuildPhase section */
		D88556F128EB92B800777B48 /* Frameworks */ = {
			isa = PBXFrameworksBuildPhase;
			buildActionMask = 2147483647;
			files = (
				D846535528F9954100EC0AF3 /* Interact in Frameworks */,
				D8C2CD1928F0FA74008D7176 /* Diligence in Frameworks */,
			);
			runOnlyForDeploymentPostprocessing = 0;
		};
		D885570228EB92BC00777B48 /* Frameworks */ = {
			isa = PBXFrameworksBuildPhase;
			buildActionMask = 2147483647;
			files = (
			);
			runOnlyForDeploymentPostprocessing = 0;
		};
		D885570C28EB92BC00777B48 /* Frameworks */ = {
			isa = PBXFrameworksBuildPhase;
			buildActionMask = 2147483647;
			files = (
			);
			runOnlyForDeploymentPostprocessing = 0;
		};
/* End PBXFrameworksBuildPhase section */

/* Begin PBXGroup section */
		D846D10028F377B50077C425 /* Styles */ = {
			isa = PBXGroup;
			children = (
				D846D10128F377C30077C425 /* MenuItemButtonStyle.swift */,
				D82FF104294070FE00561AD9 /* MenuItemToggleStyle.swift */,
			);
			path = Styles;
			sourceTree = "<group>";
		};
		D84A90AB28EE0E5B00823E33 /* Extensions */ = {
			isa = PBXGroup;
			children = (
				D846D0FC28F3772F0077C425 /* Color.swift */,
				D880DBF628FE38B30078E3C0 /* Set.swift */,
			);
			path = Extensions;
			sourceTree = "<group>";
		};
		D84A90AE28EE0EB300823E33 /* Views */ = {
			isa = PBXGroup;
			children = (
				D846D10328F37B780077C425 /* DeviceList.swift */,
				D846D0FE28F377670077C425 /* DeviceRow.swift */,
				D846D10528F37BA30077C425 /* EnableSwitch.swift */,
				D82FF10029406F1700561AD9 /* FixedSpace.swift */,
				D82EFB4A293DF1C9001E28E5 /* HUDEffectView.swift */,
				D82EFB4C293DF2A8001E28E5 /* HUDView.swift */,
				D846D0F828F3764A0077C425 /* InputMenu.swift */,
				D82FF10229406F6C00561AD9 /* MenuDivider.swift */,
				D82FF0FE29406D8000561AD9 /* MenuSection.swift */,
				D82FF1062940734500561AD9 /* InputMenuContent.swift */,
			);
			path = Views;
			sourceTree = "<group>";
		};
		D88556EB28EB92B800777B48 = {
			isa = PBXGroup;
			children = (
				D8C2CD1528F0FA60008D7176 /* Packages */,
				D88556F628EB92B800777B48 /* TinyBoard */,
				D885570828EB92BC00777B48 /* TinyBoardTests */,
				D885571228EB92BC00777B48 /* TinyBoardUITests */,
				D88556F528EB92B800777B48 /* Products */,
				D8C2CD1728F0FA74008D7176 /* Frameworks */,
			);
			sourceTree = "<group>";
		};
		D88556F528EB92B800777B48 /* Products */ = {
			isa = PBXGroup;
			children = (
				D88556F428EB92B800777B48 /* TinyBoard.app */,
				D885570528EB92BC00777B48 /* TinyBoardTests.xctest */,
				D885570F28EB92BC00777B48 /* TinyBoardUITests.xctest */,
			);
			name = Products;
			sourceTree = "<group>";
		};
		D88556F628EB92B800777B48 /* TinyBoard */ = {
			isa = PBXGroup;
			children = (
				D885570028EB92BB00777B48 /* TinyBoard.entitlements */,
				D8E14425293FFC6D00E9AFC1 /* TinyBoard-Bridging-Header.h */,
				D89729CB28FCAEE100AB429E /* Info.plist */,
				D88556F728EB92B800777B48 /* TinyBoardApp.swift */,
				D88556FB28EB92BB00777B48 /* Assets.xcassets */,
				D84A90AB28EE0E5B00823E33 /* Extensions */,
				D8C2CD1A28F0FB4C008D7176 /* Licenses */,
				D8947E6828F0C00C00C4888A /* Model */,
				D88556FD28EB92BB00777B48 /* Preview Content */,
				D846D10028F377B50077C425 /* Styles */,
				D8E14426293FFF2A00E9AFC1 /* Utilities */,
				D84A90AE28EE0EB300823E33 /* Views */,
			);
			path = TinyBoard;
			sourceTree = "<group>";
		};
		D88556FD28EB92BB00777B48 /* Preview Content */ = {
			isa = PBXGroup;
			children = (
				D88556FE28EB92BB00777B48 /* Preview Assets.xcassets */,
			);
			path = "Preview Content";
			sourceTree = "<group>";
		};
		D885570828EB92BC00777B48 /* TinyBoardTests */ = {
			isa = PBXGroup;
			children = (
				D885570928EB92BC00777B48 /* TinyBoardTests.swift */,
			);
			path = TinyBoardTests;
			sourceTree = "<group>";
		};
		D885571228EB92BC00777B48 /* TinyBoardUITests */ = {
			isa = PBXGroup;
			children = (
				D885571328EB92BC00777B48 /* TinyBoardUITests.swift */,
				D885571528EB92BC00777B48 /* TinyBoardUITestsLaunchTests.swift */,
			);
			path = TinyBoardUITests;
			sourceTree = "<group>";
		};
		D8947E6828F0C00C00C4888A /* Model */ = {
			isa = PBXGroup;
			children = (
				D84DD23028F45C6F00490F8F /* ApplicationModel.swift */,
				D885572228EBC1C200777B48 /* CBUUIDs.swift */,
				D846D0F428F21DE40077C425 /* Device.swift */,
				D885572428EBC1F300777B48 /* DeviceManager.swift */,
				D846D0FA28F376BC0077C425 /* EventTap.swift */,
				D846D0F628F21E7E0077C425 /* KeyCodes.swift */,
				D8947E6928F0C03200C4888A /* MessageType.swift */,
				D8947E6B28F0C47E00C4888A /* SerialConnection.swift */,
			);
			path = Model;
			sourceTree = "<group>";
		};
		D8C2CD1528F0FA60008D7176 /* Packages */ = {
			isa = PBXGroup;
			children = (
				D8C2CD1628F0FA60008D7176 /* diligence */,
				D846535328F9953400EC0AF3 /* interact */,
			);
			name = Packages;
			sourceTree = "<group>";
		};
		D8C2CD1728F0FA74008D7176 /* Frameworks */ = {
			isa = PBXGroup;
			children = (
			);
			name = Frameworks;
			sourceTree = "<group>";
		};
		D8C2CD1A28F0FB4C008D7176 /* Licenses */ = {
			isa = PBXGroup;
			children = (
				D8C2CD1B28F0FB61008D7176 /* tinyboard-license */,
				D846535628F99C4F00EC0AF3 /* interact-license */,
			);
			path = Licenses;
			sourceTree = "<group>";
		};
		D8E14426293FFF2A00E9AFC1 /* Utilities */ = {
			isa = PBXGroup;
			children = (
				D8E14424293FFBB000E9AFC1 /* CGSConnection.h */,
			);
			path = Utilities;
			sourceTree = "<group>";
		};
/* End PBXGroup section */

/* Begin PBXNativeTarget section */
		D88556F328EB92B800777B48 /* TinyBoard */ = {
			isa = PBXNativeTarget;
			buildConfigurationList = D885571928EB92BC00777B48 /* Build configuration list for PBXNativeTarget "TinyBoard" */;
			buildPhases = (
				D88556F028EB92B800777B48 /* Sources */,
				D88556F128EB92B800777B48 /* Frameworks */,
				D88556F228EB92B800777B48 /* Resources */,
			);
			buildRules = (
			);
			dependencies = (
			);
			name = TinyBoard;
			packageProductDependencies = (
				D8C2CD1828F0FA74008D7176 /* Diligence */,
				D846535428F9954100EC0AF3 /* Interact */,
			);
			productName = Keyboard;
			productReference = D88556F428EB92B800777B48 /* TinyBoard.app */;
			productType = "com.apple.product-type.application";
		};
		D885570428EB92BC00777B48 /* TinyBoardTests */ = {
			isa = PBXNativeTarget;
			buildConfigurationList = D885571C28EB92BC00777B48 /* Build configuration list for PBXNativeTarget "TinyBoardTests" */;
			buildPhases = (
				D885570128EB92BC00777B48 /* Sources */,
				D885570228EB92BC00777B48 /* Frameworks */,
				D885570328EB92BC00777B48 /* Resources */,
			);
			buildRules = (
			);
			dependencies = (
				D885570728EB92BC00777B48 /* PBXTargetDependency */,
			);
			name = TinyBoardTests;
			productName = KeyboardTests;
			productReference = D885570528EB92BC00777B48 /* TinyBoardTests.xctest */;
			productType = "com.apple.product-type.bundle.unit-test";
		};
		D885570E28EB92BC00777B48 /* TinyBoardUITests */ = {
			isa = PBXNativeTarget;
			buildConfigurationList = D885571F28EB92BC00777B48 /* Build configuration list for PBXNativeTarget "TinyBoardUITests" */;
			buildPhases = (
				D885570B28EB92BC00777B48 /* Sources */,
				D885570C28EB92BC00777B48 /* Frameworks */,
				D885570D28EB92BC00777B48 /* Resources */,
			);
			buildRules = (
			);
			dependencies = (
				D885571128EB92BC00777B48 /* PBXTargetDependency */,
			);
			name = TinyBoardUITests;
			productName = KeyboardUITests;
			productReference = D885570F28EB92BC00777B48 /* TinyBoardUITests.xctest */;
			productType = "com.apple.product-type.bundle.ui-testing";
		};
/* End PBXNativeTarget section */

/* Begin PBXProject section */
		D88556EC28EB92B800777B48 /* Project object */ = {
			isa = PBXProject;
			attributes = {
				BuildIndependentTargetsInParallel = 1;
				LastSwiftUpdateCheck = 1410;
				LastUpgradeCheck = 1410;
				TargetAttributes = {
					D88556F328EB92B800777B48 = {
						CreatedOnToolsVersion = 14.1;
					};
					D885570428EB92BC00777B48 = {
						CreatedOnToolsVersion = 14.1;
						TestTargetID = D88556F328EB92B800777B48;
					};
					D885570E28EB92BC00777B48 = {
						CreatedOnToolsVersion = 14.1;
						TestTargetID = D88556F328EB92B800777B48;
					};
				};
			};
			buildConfigurationList = D88556EF28EB92B800777B48 /* Build configuration list for PBXProject "TinyBoard" */;
			compatibilityVersion = "Xcode 14.0";
			developmentRegion = en;
			hasScannedForEncodings = 0;
			knownRegions = (
				en,
				Base,
			);
			mainGroup = D88556EB28EB92B800777B48;
			productRefGroup = D88556F528EB92B800777B48 /* Products */;
			projectDirPath = "";
			projectRoot = "";
			targets = (
				D88556F328EB92B800777B48 /* TinyBoard */,
				D885570428EB92BC00777B48 /* TinyBoardTests */,
				D885570E28EB92BC00777B48 /* TinyBoardUITests */,
			);
		};
/* End PBXProject section */

/* Begin PBXResourcesBuildPhase section */
		D88556F228EB92B800777B48 /* Resources */ = {
			isa = PBXResourcesBuildPhase;
			buildActionMask = 2147483647;
			files = (
				D88556FF28EB92BB00777B48 /* Preview Assets.xcassets in Resources */,
				D8C2CD1C28F0FB61008D7176 /* tinyboard-license in Resources */,
				D846535728F99C4F00EC0AF3 /* interact-license in Resources */,
				D88556FC28EB92BB00777B48 /* Assets.xcassets in Resources */,
			);
			runOnlyForDeploymentPostprocessing = 0;
		};
		D885570328EB92BC00777B48 /* Resources */ = {
			isa = PBXResourcesBuildPhase;
			buildActionMask = 2147483647;
			files = (
			);
			runOnlyForDeploymentPostprocessing = 0;
		};
		D885570D28EB92BC00777B48 /* Resources */ = {
			isa = PBXResourcesBuildPhase;
			buildActionMask = 2147483647;
			files = (
			);
			runOnlyForDeploymentPostprocessing = 0;
		};
/* End PBXResourcesBuildPhase section */

/* Begin PBXSourcesBuildPhase section */
		D88556F028EB92B800777B48 /* Sources */ = {
			isa = PBXSourcesBuildPhase;
			buildActionMask = 2147483647;
			files = (
				D82FF1072940734500561AD9 /* InputMenuContent.swift in Sources */,
				D82EFB4D293DF2A8001E28E5 /* HUDView.swift in Sources */,
				D82FF10329406F6C00561AD9 /* MenuDivider.swift in Sources */,
				D846D0FF28F377670077C425 /* DeviceRow.swift in Sources */,
				D82EFB4B293DF1C9001E28E5 /* HUDEffectView.swift in Sources */,
				D82FF10129406F1700561AD9 /* FixedSpace.swift in Sources */,
				D846D10628F37BA30077C425 /* EnableSwitch.swift in Sources */,
				D88556F828EB92B800777B48 /* TinyBoardApp.swift in Sources */,
				D846D0F928F3764A0077C425 /* InputMenu.swift in Sources */,
				D8947E6A28F0C03200C4888A /* MessageType.swift in Sources */,
				D846D10228F377C30077C425 /* MenuItemButtonStyle.swift in Sources */,
				D846D0FD28F3772F0077C425 /* Color.swift in Sources */,
				D880DBF728FE38B30078E3C0 /* Set.swift in Sources */,
				D846D10428F37B780077C425 /* DeviceList.swift in Sources */,
				D82FF105294070FE00561AD9 /* MenuItemToggleStyle.swift in Sources */,
				D846D0F728F21E7E0077C425 /* KeyCodes.swift in Sources */,
				D846D0F528F21DE40077C425 /* Device.swift in Sources */,
				D84DD23128F45C6F00490F8F /* ApplicationModel.swift in Sources */,
				D846D0FB28F376BC0077C425 /* EventTap.swift in Sources */,
				D885572528EBC1F300777B48 /* DeviceManager.swift in Sources */,
				D82FF0FF29406D8000561AD9 /* MenuSection.swift in Sources */,
				D885572328EBC1C200777B48 /* CBUUIDs.swift in Sources */,
				D8947E6C28F0C47E00C4888A /* SerialConnection.swift in Sources */,
			);
			runOnlyForDeploymentPostprocessing = 0;
		};
		D885570128EB92BC00777B48 /* Sources */ = {
			isa = PBXSourcesBuildPhase;
			buildActionMask = 2147483647;
			files = (
				D885570A28EB92BC00777B48 /* TinyBoardTests.swift in Sources */,
			);
			runOnlyForDeploymentPostprocessing = 0;
		};
		D885570B28EB92BC00777B48 /* Sources */ = {
			isa = PBXSourcesBuildPhase;
			buildActionMask = 2147483647;
			files = (
				D885571628EB92BC00777B48 /* TinyBoardUITestsLaunchTests.swift in Sources */,
				D885571428EB92BC00777B48 /* TinyBoardUITests.swift in Sources */,
			);
			runOnlyForDeploymentPostprocessing = 0;
		};
/* End PBXSourcesBuildPhase section */

/* Begin PBXTargetDependency section */
		D885570728EB92BC00777B48 /* PBXTargetDependency */ = {
			isa = PBXTargetDependency;
			target = D88556F328EB92B800777B48 /* TinyBoard */;
			targetProxy = D885570628EB92BC00777B48 /* PBXContainerItemProxy */;
		};
		D885571128EB92BC00777B48 /* PBXTargetDependency */ = {
			isa = PBXTargetDependency;
			target = D88556F328EB92B800777B48 /* TinyBoard */;
			targetProxy = D885571028EB92BC00777B48 /* PBXContainerItemProxy */;
		};
/* End PBXTargetDependency section */

/* Begin XCBuildConfiguration section */
		D885571728EB92BC00777B48 /* Debug */ = {
			isa = XCBuildConfiguration;
			buildSettings = {
				ALWAYS_SEARCH_USER_PATHS = NO;
				CLANG_ANALYZER_NONNULL = YES;
				CLANG_ANALYZER_NUMBER_OBJECT_CONVERSION = YES_AGGRESSIVE;
				CLANG_CXX_LANGUAGE_STANDARD = "gnu++20";
				CLANG_ENABLE_MODULES = YES;
				CLANG_ENABLE_OBJC_ARC = YES;
				CLANG_ENABLE_OBJC_WEAK = YES;
				CLANG_WARN_BLOCK_CAPTURE_AUTORELEASING = YES;
				CLANG_WARN_BOOL_CONVERSION = YES;
				CLANG_WARN_COMMA = YES;
				CLANG_WARN_CONSTANT_CONVERSION = YES;
				CLANG_WARN_DEPRECATED_OBJC_IMPLEMENTATIONS = YES;
				CLANG_WARN_DIRECT_OBJC_ISA_USAGE = YES_ERROR;
				CLANG_WARN_DOCUMENTATION_COMMENTS = YES;
				CLANG_WARN_EMPTY_BODY = YES;
				CLANG_WARN_ENUM_CONVERSION = YES;
				CLANG_WARN_INFINITE_RECURSION = YES;
				CLANG_WARN_INT_CONVERSION = YES;
				CLANG_WARN_NON_LITERAL_NULL_CONVERSION = YES;
				CLANG_WARN_OBJC_IMPLICIT_RETAIN_SELF = YES;
				CLANG_WARN_OBJC_LITERAL_CONVERSION = YES;
				CLANG_WARN_OBJC_ROOT_CLASS = YES_ERROR;
				CLANG_WARN_QUOTED_INCLUDE_IN_FRAMEWORK_HEADER = YES;
				CLANG_WARN_RANGE_LOOP_ANALYSIS = YES;
				CLANG_WARN_STRICT_PROTOTYPES = YES;
				CLANG_WARN_SUSPICIOUS_MOVE = YES;
				CLANG_WARN_UNGUARDED_AVAILABILITY = YES_AGGRESSIVE;
				CLANG_WARN_UNREACHABLE_CODE = YES;
				CLANG_WARN__DUPLICATE_METHOD_MATCH = YES;
				COPY_PHASE_STRIP = NO;
				DEBUG_INFORMATION_FORMAT = dwarf;
				ENABLE_STRICT_OBJC_MSGSEND = YES;
				ENABLE_TESTABILITY = YES;
				GCC_C_LANGUAGE_STANDARD = gnu11;
				GCC_DYNAMIC_NO_PIC = NO;
				GCC_NO_COMMON_BLOCKS = YES;
				GCC_OPTIMIZATION_LEVEL = 0;
				GCC_PREPROCESSOR_DEFINITIONS = (
					"DEBUG=1",
					"$(inherited)",
				);
				GCC_WARN_64_TO_32_BIT_CONVERSION = YES;
				GCC_WARN_ABOUT_RETURN_TYPE = YES_ERROR;
				GCC_WARN_UNDECLARED_SELECTOR = YES;
				GCC_WARN_UNINITIALIZED_AUTOS = YES_AGGRESSIVE;
				GCC_WARN_UNUSED_FUNCTION = YES;
				GCC_WARN_UNUSED_VARIABLE = YES;
				MACOSX_DEPLOYMENT_TARGET = 13.0;
				MTL_ENABLE_DEBUG_INFO = INCLUDE_SOURCE;
				MTL_FAST_MATH = YES;
				ONLY_ACTIVE_ARCH = YES;
				SDKROOT = macosx;
				SWIFT_ACTIVE_COMPILATION_CONDITIONS = DEBUG;
				SWIFT_OPTIMIZATION_LEVEL = "-Onone";
			};
			name = Debug;
		};
		D885571828EB92BC00777B48 /* Release */ = {
			isa = XCBuildConfiguration;
			buildSettings = {
				ALWAYS_SEARCH_USER_PATHS = NO;
				CLANG_ANALYZER_NONNULL = YES;
				CLANG_ANALYZER_NUMBER_OBJECT_CONVERSION = YES_AGGRESSIVE;
				CLANG_CXX_LANGUAGE_STANDARD = "gnu++20";
				CLANG_ENABLE_MODULES = YES;
				CLANG_ENABLE_OBJC_ARC = YES;
				CLANG_ENABLE_OBJC_WEAK = YES;
				CLANG_WARN_BLOCK_CAPTURE_AUTORELEASING = YES;
				CLANG_WARN_BOOL_CONVERSION = YES;
				CLANG_WARN_COMMA = YES;
				CLANG_WARN_CONSTANT_CONVERSION = YES;
				CLANG_WARN_DEPRECATED_OBJC_IMPLEMENTATIONS = YES;
				CLANG_WARN_DIRECT_OBJC_ISA_USAGE = YES_ERROR;
				CLANG_WARN_DOCUMENTATION_COMMENTS = YES;
				CLANG_WARN_EMPTY_BODY = YES;
				CLANG_WARN_ENUM_CONVERSION = YES;
				CLANG_WARN_INFINITE_RECURSION = YES;
				CLANG_WARN_INT_CONVERSION = YES;
				CLANG_WARN_NON_LITERAL_NULL_CONVERSION = YES;
				CLANG_WARN_OBJC_IMPLICIT_RETAIN_SELF = YES;
				CLANG_WARN_OBJC_LITERAL_CONVERSION = YES;
				CLANG_WARN_OBJC_ROOT_CLASS = YES_ERROR;
				CLANG_WARN_QUOTED_INCLUDE_IN_FRAMEWORK_HEADER = YES;
				CLANG_WARN_RANGE_LOOP_ANALYSIS = YES;
				CLANG_WARN_STRICT_PROTOTYPES = YES;
				CLANG_WARN_SUSPICIOUS_MOVE = YES;
				CLANG_WARN_UNGUARDED_AVAILABILITY = YES_AGGRESSIVE;
				CLANG_WARN_UNREACHABLE_CODE = YES;
				CLANG_WARN__DUPLICATE_METHOD_MATCH = YES;
				COPY_PHASE_STRIP = NO;
				DEBUG_INFORMATION_FORMAT = "dwarf-with-dsym";
				ENABLE_NS_ASSERTIONS = NO;
				ENABLE_STRICT_OBJC_MSGSEND = YES;
				GCC_C_LANGUAGE_STANDARD = gnu11;
				GCC_NO_COMMON_BLOCKS = YES;
				GCC_WARN_64_TO_32_BIT_CONVERSION = YES;
				GCC_WARN_ABOUT_RETURN_TYPE = YES_ERROR;
				GCC_WARN_UNDECLARED_SELECTOR = YES;
				GCC_WARN_UNINITIALIZED_AUTOS = YES_AGGRESSIVE;
				GCC_WARN_UNUSED_FUNCTION = YES;
				GCC_WARN_UNUSED_VARIABLE = YES;
				MACOSX_DEPLOYMENT_TARGET = 13.0;
				MTL_ENABLE_DEBUG_INFO = NO;
				MTL_FAST_MATH = YES;
				SDKROOT = macosx;
				SWIFT_COMPILATION_MODE = wholemodule;
				SWIFT_OPTIMIZATION_LEVEL = "-O";
			};
			name = Release;
		};
		D885571A28EB92BC00777B48 /* Debug */ = {
			isa = XCBuildConfiguration;
			buildSettings = {
				ASSETCATALOG_COMPILER_APPICON_NAME = AppIcon;
				ASSETCATALOG_COMPILER_GLOBAL_ACCENT_COLOR_NAME = AccentColor;
				CODE_SIGN_ENTITLEMENTS = TinyBoard/TinyBoard.entitlements;
				CODE_SIGN_STYLE = Automatic;
				COMBINE_HIDPI_IMAGES = YES;
				CURRENT_PROJECT_VERSION = 1;
				DEVELOPMENT_ASSET_PATHS = "\"TinyBoard/Preview Content\"";
				DEVELOPMENT_TEAM = S4WXAUZQEV;
				ENABLE_HARDENED_RUNTIME = YES;
				ENABLE_PREVIEWS = YES;
				GENERATE_INFOPLIST_FILE = YES;
				INFOPLIST_FILE = TinyBoard/Info.plist;
				INFOPLIST_KEY_LSApplicationCategoryType = "public.app-category.utilities";
				INFOPLIST_KEY_LSUIElement = YES;
				INFOPLIST_KEY_NSBluetoothAlwaysUsageDescription = "Requires bluetooth to connect to dongle";
				INFOPLIST_KEY_NSHumanReadableCopyright = "";
				LD_RUNPATH_SEARCH_PATHS = (
					"$(inherited)",
					"@executable_path/../Frameworks",
				);
				MARKETING_VERSION = 1.0;
				PRODUCT_BUNDLE_IDENTIFIER = uk.co.inseven.tinyboard;
				PRODUCT_NAME = "$(TARGET_NAME)";
				SWIFT_EMIT_LOC_STRINGS = YES;
				SWIFT_OBJC_BRIDGING_HEADER = "TinyBoard/TinyBoard-Bridging-Header.h";
				SWIFT_VERSION = 5.0;
			};
			name = Debug;
		};
		D885571B28EB92BC00777B48 /* Release */ = {
			isa = XCBuildConfiguration;
			buildSettings = {
				ASSETCATALOG_COMPILER_APPICON_NAME = AppIcon;
				ASSETCATALOG_COMPILER_GLOBAL_ACCENT_COLOR_NAME = AccentColor;
				CODE_SIGN_ENTITLEMENTS = TinyBoard/TinyBoard.entitlements;
				"CODE_SIGN_IDENTITY[sdk=macosx*]" = "3rd Party Mac Developer Application";
				CODE_SIGN_STYLE = Manual;
				COMBINE_HIDPI_IMAGES = YES;
				CURRENT_PROJECT_VERSION = 1;
				DEVELOPMENT_ASSET_PATHS = "\"TinyBoard/Preview Content\"";
				DEVELOPMENT_TEAM = "";
				"DEVELOPMENT_TEAM[sdk=macosx*]" = S4WXAUZQEV;
				ENABLE_HARDENED_RUNTIME = YES;
				ENABLE_PREVIEWS = YES;
				GENERATE_INFOPLIST_FILE = YES;
				INFOPLIST_FILE = TinyBoard/Info.plist;
				INFOPLIST_KEY_LSApplicationCategoryType = "public.app-category.utilities";
				INFOPLIST_KEY_LSUIElement = YES;
				INFOPLIST_KEY_NSBluetoothAlwaysUsageDescription = "Requires bluetooth to connect to dongle";
				INFOPLIST_KEY_NSHumanReadableCopyright = "";
				LD_RUNPATH_SEARCH_PATHS = (
					"$(inherited)",
					"@executable_path/../Frameworks",
				);
				MARKETING_VERSION = 1.0;
				PRODUCT_BUNDLE_IDENTIFIER = uk.co.inseven.tinyboard;
				PRODUCT_NAME = "$(TARGET_NAME)";
				PROVISIONING_PROFILE_SPECIFIER = "";
				"PROVISIONING_PROFILE_SPECIFIER[sdk=macosx*]" = "TinyBoard Mac App Store Profile";
				SWIFT_EMIT_LOC_STRINGS = YES;
				SWIFT_OBJC_BRIDGING_HEADER = "TinyBoard/TinyBoard-Bridging-Header.h";
				SWIFT_VERSION = 5.0;
			};
			name = Release;
		};
		D885571D28EB92BC00777B48 /* Debug */ = {
			isa = XCBuildConfiguration;
			buildSettings = {
				ALWAYS_EMBED_SWIFT_STANDARD_LIBRARIES = YES;
				BUNDLE_LOADER = "$(TEST_HOST)";
				CODE_SIGN_STYLE = Automatic;
				CURRENT_PROJECT_VERSION = 1;
				DEVELOPMENT_TEAM = S4WXAUZQEV;
				GENERATE_INFOPLIST_FILE = YES;
				MACOSX_DEPLOYMENT_TARGET = 13.0;
				MARKETING_VERSION = 1.0;
				PRODUCT_BUNDLE_IDENTIFIER = uk.co.inseven.tinyboardtests;
				PRODUCT_NAME = "$(TARGET_NAME)";
				SWIFT_EMIT_LOC_STRINGS = NO;
				SWIFT_VERSION = 5.0;
				TEST_HOST = "$(BUILT_PRODUCTS_DIR)/TinyBoard.app/$(BUNDLE_EXECUTABLE_FOLDER_PATH)/TinyBoard";
			};
			name = Debug;
		};
		D885571E28EB92BC00777B48 /* Release */ = {
			isa = XCBuildConfiguration;
			buildSettings = {
				ALWAYS_EMBED_SWIFT_STANDARD_LIBRARIES = YES;
				BUNDLE_LOADER = "$(TEST_HOST)";
				CODE_SIGN_STYLE = Automatic;
				CURRENT_PROJECT_VERSION = 1;
				DEVELOPMENT_TEAM = S4WXAUZQEV;
				GENERATE_INFOPLIST_FILE = YES;
				MACOSX_DEPLOYMENT_TARGET = 13.0;
				MARKETING_VERSION = 1.0;
				PRODUCT_BUNDLE_IDENTIFIER = uk.co.inseven.tinyboardtests;
				PRODUCT_NAME = "$(TARGET_NAME)";
				SWIFT_EMIT_LOC_STRINGS = NO;
				SWIFT_VERSION = 5.0;
				TEST_HOST = "$(BUILT_PRODUCTS_DIR)/TinyBoard.app/$(BUNDLE_EXECUTABLE_FOLDER_PATH)/TinyBoard";
			};
			name = Release;
		};
		D885572028EB92BC00777B48 /* Debug */ = {
			isa = XCBuildConfiguration;
			buildSettings = {
				ALWAYS_EMBED_SWIFT_STANDARD_LIBRARIES = YES;
				CODE_SIGN_STYLE = Automatic;
				CURRENT_PROJECT_VERSION = 1;
				DEVELOPMENT_TEAM = S4WXAUZQEV;
				GENERATE_INFOPLIST_FILE = YES;
				MARKETING_VERSION = 1.0;
				PRODUCT_BUNDLE_IDENTIFIER = uk.co.inseven.tinyboarduitests;
				PRODUCT_NAME = "$(TARGET_NAME)";
				SWIFT_EMIT_LOC_STRINGS = NO;
				SWIFT_VERSION = 5.0;
				TEST_TARGET_NAME = TinyBoard;
			};
			name = Debug;
		};
		D885572128EB92BC00777B48 /* Release */ = {
			isa = XCBuildConfiguration;
			buildSettings = {
				ALWAYS_EMBED_SWIFT_STANDARD_LIBRARIES = YES;
				CODE_SIGN_STYLE = Automatic;
				CURRENT_PROJECT_VERSION = 1;
				DEVELOPMENT_TEAM = S4WXAUZQEV;
				GENERATE_INFOPLIST_FILE = YES;
				MARKETING_VERSION = 1.0;
				PRODUCT_BUNDLE_IDENTIFIER = uk.co.inseven.tinyboarduitests;
				PRODUCT_NAME = "$(TARGET_NAME)";
				SWIFT_EMIT_LOC_STRINGS = NO;
				SWIFT_VERSION = 5.0;
				TEST_TARGET_NAME = TinyBoard;
			};
			name = Release;
		};
/* End XCBuildConfiguration section */

/* Begin XCConfigurationList section */
		D88556EF28EB92B800777B48 /* Build configuration list for PBXProject "TinyBoard" */ = {
			isa = XCConfigurationList;
			buildConfigurations = (
				D885571728EB92BC00777B48 /* Debug */,
				D885571828EB92BC00777B48 /* Release */,
			);
			defaultConfigurationIsVisible = 0;
			defaultConfigurationName = Release;
		};
		D885571928EB92BC00777B48 /* Build configuration list for PBXNativeTarget "TinyBoard" */ = {
			isa = XCConfigurationList;
			buildConfigurations = (
				D885571A28EB92BC00777B48 /* Debug */,
				D885571B28EB92BC00777B48 /* Release */,
			);
			defaultConfigurationIsVisible = 0;
			defaultConfigurationName = Release;
		};
		D885571C28EB92BC00777B48 /* Build configuration list for PBXNativeTarget "TinyBoardTests" */ = {
			isa = XCConfigurationList;
			buildConfigurations = (
				D885571D28EB92BC00777B48 /* Debug */,
				D885571E28EB92BC00777B48 /* Release */,
			);
			defaultConfigurationIsVisible = 0;
			defaultConfigurationName = Release;
		};
		D885571F28EB92BC00777B48 /* Build configuration list for PBXNativeTarget "TinyBoardUITests" */ = {
			isa = XCConfigurationList;
			buildConfigurations = (
				D885572028EB92BC00777B48 /* Debug */,
				D885572128EB92BC00777B48 /* Release */,
			);
			defaultConfigurationIsVisible = 0;
			defaultConfigurationName = Release;
		};
/* End XCConfigurationList section */

/* Begin XCSwiftPackageProductDependency section */
		D846535428F9954100EC0AF3 /* Interact */ = {
			isa = XCSwiftPackageProductDependency;
			productName = Interact;
		};
		D8C2CD1828F0FA74008D7176 /* Diligence */ = {
			isa = XCSwiftPackageProductDependency;
			productName = Diligence;
		};
/* End XCSwiftPackageProductDependency section */
	};
	rootObject = D88556EC28EB92B800777B48 /* Project object */;
}
